
Microsoft Visual Studio Solution File, Format Version 12.00
# Visual Studio Version 17
VisualStudioVersion = 17.0.31912.275
MinimumVisualStudioVersion = 10.0.40219.1
Project("{9A19103F-16F7-4668-BE54-9A1E7A4F7556}") = "ContosoPizza", "ContosoPizza.csproj", "{575DF0B7-8159-428E-919C-CD5A2D16ADEF}"
EndProject
Global
	GlobalSection(SolutionConfigurationPlatforms) = preSolution
		Debug|Any CPU = Debug|Any CPU
		Release|Any CPU = Release|Any CPU
	EndGlobalSection
	GlobalSection(ProjectConfigurationPlatforms) = postSolution
		{575DF0B7-8159-428E-919C-CD5A2D16ADEF}.Debug|Any CPU.ActiveCfg = Debug|Any CPU
		{575DF0B7-8159-428E-919C-CD5A2D16ADEF}.Debug|Any CPU.Build.0 = Debug|Any CPU
		{575DF0B7-8159-428E-919C-CD5A2D16ADEF}.Release|Any CPU.ActiveCfg = Release|Any CPU
		{575DF0B7-8159-428E-919C-CD5A2D16ADEF}.Release|Any CPU.Build.0 = Release|Any CPU
	EndGlobalSection
	GlobalSection(SolutionProperties) = preSolution
		HideSolutionNode = FALSE
	EndGlobalSection
	GlobalSection(ExtensibilityGlobals) = postSolution
		SolutionGuid = {AC151787-AE05-4B07-A3EA-ED25E538CC0B}
	EndGlobalSection
EndGlobal
